# This file is autogenerated, do not edit; changes may be undone by the next 'dep ensure'.


[[projects]]
  name = "github.com/caarlos0/env"
  packages = ["."]
  revision = "9a320ffe30f788798714d91e5735181030db014c"
  version = "v4.0.0"

[[projects]]
  name = "github.com/davecgh/go-spew"
  packages = ["spew"]
  revision = "8991bc29aa16c548c550c7ff78260e27b9ab7c73"
  version = "v1.1.1"

[[projects]]
  name = "github.com/getmilly/grok"
  packages = ["logging","nats"]
  revision = "ff4209130c9e81ecae71a45c71d0a64f20813214"
  version = "0.3.0"

[[projects]]
  name = "github.com/go-stack/stack"
  packages = ["."]
  revision = "2fee6af1a9795aafbe0253a0cfbdf668e1fb8a9a"
  version = "v1.8.0"

[[projects]]
  name = "github.com/gogo/protobuf"
  packages = ["gogoproto","proto","protoc-gen-gogo/descriptor"]
  revision = "ba06b47c162d49f2af050fb4c75bcbc86a159d5c"
  version = "v1.2.1"

[[projects]]
  name = "github.com/golang/snappy"
  packages = ["."]
  revision = "2a8bb927dd31d8daada140a5d09578521ce5c36a"
  version = "v0.0.1"

[[projects]]
  name = "github.com/joho/godotenv"
  packages = ["."]
  revision = "23d116af351c84513e1946b527c88823e476be13"
  version = "v1.3.0"

[[projects]]
  name = "github.com/konsorten/go-windows-terminal-sequences"
  packages = ["."]
  revision = "f55edac94c9bbba5d6182a4be46d86a2c9b5b50e"
  version = "v1.0.2"

[[projects]]
  name = "github.com/nats-io/go-nats"
  packages = [".","encoders/builtin","util"]
  revision = "70fe06cee50d4b6f98248d9675fb55f2a3aa7228"
  version = "v1.7.2"

[[projects]]
  name = "github.com/nats-io/go-nats-streaming"
  packages = [".","pb"]
  revision = "4366d43a0648b4997ed32080f937e8702ab86c48"
  version = "v0.4.2"

[[projects]]
  name = "github.com/nats-io/nkeys"
  packages = ["."]
  revision = "1546a3320a8f195a5b5c84aef8309377c2e411d5"
  version = "v0.0.2"

[[projects]]
  name = "github.com/nats-io/nuid"
  packages = ["."]
  revision = "4b96681fa6d28dd0ab5fe79bac63b3a493d9ee94"
  version = "v1.0.1"

[[projects]]
  name = "github.com/pmezard/go-difflib"
  packages = ["difflib"]
  revision = "792786c7400a136282c1664665ae0a8db921c6c2"
  version = "v1.0.0"

[[projects]]
  name = "github.com/satori/go.uuid"
  packages = ["."]
  revision = "f58768cc1a7a7e77a3bd49e98cdd21419399b6a3"
  version = "v1.2.0"

[[projects]]
  name = "github.com/sirupsen/logrus"
  packages = ["."]
  revision = "8bdbc7bcc01dcbb8ec23dc8a28e332258d25251f"
  version = "v1.4.1"

[[projects]]
  name = "github.com/stretchr/testify"
  packages = ["assert"]
  revision = "ffdc059bfe9ce6a4e144ba849dbedead332c6053"
  version = "v1.3.0"

[[projects]]
  branch = "master"
  name = "github.com/xdg/scram"
  packages = ["."]
  revision = "7eeb5667e42c09cb51bf7b7c28aea8c56767da90"

[[projects]]
  branch = "master"
  name = "github.com/xdg/stringprep"
  packages = ["."]
  revision = "73f8eece6fdcd902c185bf651de50f3828bed5ed"

[[projects]]
  name = "go.mongodb.org/mongo-driver"
  packages = ["bson","bson/bsoncodec","bson/bsonrw","bson/bsontype","bson/primitive","event","internal","mongo","mongo/options","mongo/readconcern","mongo/readpref","mongo/writeconcern","tag","version","x/bsonx","x/bsonx/bsoncore","x/mongo/driver","x/mongo/driver/auth","x/mongo/driver/auth/internal/gssapi","x/mongo/driver/session","x/mongo/driver/topology","x/mongo/driver/uuid","x/network/address","x/network/command","x/network/compressor","x/network/connection","x/network/connstring","x/network/description","x/network/result","x/network/wiremessage"]
  revision = "fd38aea397a6b7fdd52b5528e4cfd683821e7b39"
  version = "v1.0.1"

[[projects]]
  branch = "master"
  name = "golang.org/x/crypto"
  packages = ["ed25519","ed25519/internal/edwards25519","pbkdf2"]
  revision = "d864b10871cd4370fe574816b489c819c675ccc7"

[[projects]]
  branch = "master"
  name = "golang.org/x/sync"
  packages = ["semaphore"]
  revision = "112230192c580c3556b8cee6403af37a4fc5f28c"

[[projects]]
  branch = "master"
  name = "golang.org/x/sys"
  packages = ["unix"]
  revision = "953cdadca894cdc07be76fc99f95b40c28f06623"

[[projects]]
  name = "golang.org/x/text"
  packages = ["internal/gen","internal/triegen","internal/ucd","transform","unicode/cldr","unicode/norm"]
  revision = "f21a4dfb5e38f5895301dc265a8def02365cc3d0"
  version = "v0.3.0"

[solve-meta]
  analyzer-name = "dep"
  analyzer-version = 1
  inputs-digest = "609bcb5ba48b1ccd68348c51bdd378c49f1b29b42ce5a3423287d7b7745aca5c"
  solver-name = "gps-cdcl"
  solver-version = 1
