# This file is autogenerated, do not edit; changes may be undone by the next 'dep ensure'.


[[projects]]
  name = "github.com/caarlos0/env"
  packages = ["."]
  revision = "9a320ffe30f788798714d91e5735181030db014c"
  version = "v4.0.0"

[[projects]]
  name = "github.com/davecgh/go-spew"
  packages = ["spew"]
  revision = "8991bc29aa16c548c550c7ff78260e27b9ab7c73"
  version = "v1.1.1"

[[projects]]
  name = "github.com/getmilly/grok"
  packages = ["logging","nats"]
  revision = "ff4209130c9e81ecae71a45c71d0a64f20813214"
  version = "0.3.0"

[[projects]]
  name = "github.com/gogo/protobuf"
  packages = ["gogoproto","proto","protoc-gen-gogo/descriptor"]
  revision = "ba06b47c162d49f2af050fb4c75bcbc86a159d5c"
  version = "v1.2.1"

[[projects]]
  name = "github.com/joho/godotenv"
  packages = ["."]
  revision = "23d116af351c84513e1946b527c88823e476be13"
  version = "v1.3.0"

[[projects]]
  name = "github.com/konsorten/go-windows-terminal-sequences"
  packages = ["."]
  revision = "f55edac94c9bbba5d6182a4be46d86a2c9b5b50e"
  version = "v1.0.2"

[[projects]]
  name = "github.com/nats-io/go-nats"
  packages = [".","encoders/builtin","util"]
  revision = "70fe06cee50d4b6f98248d9675fb55f2a3aa7228"
  version = "v1.7.2"

[[projects]]
  name = "github.com/nats-io/go-nats-streaming"
  packages = [".","pb"]
  revision = "4366d43a0648b4997ed32080f937e8702ab86c48"
  version = "v0.4.2"

[[projects]]
  name = "github.com/nats-io/nkeys"
  packages = ["."]
  revision = "1546a3320a8f195a5b5c84aef8309377c2e411d5"
  version = "v0.0.2"

[[projects]]
  name = "github.com/nats-io/nuid"
  packages = ["."]
  revision = "4b96681fa6d28dd0ab5fe79bac63b3a493d9ee94"
  version = "v1.0.1"

[[projects]]
  name = "github.com/pmezard/go-difflib"
  packages = ["difflib"]
  revision = "792786c7400a136282c1664665ae0a8db921c6c2"
  version = "v1.0.0"

[[projects]]
  name = "github.com/satori/go.uuid"
  packages = ["."]
  revision = "f58768cc1a7a7e77a3bd49e98cdd21419399b6a3"
  version = "v1.2.0"

[[projects]]
  name = "github.com/sirupsen/logrus"
  packages = ["."]
  revision = "8bdbc7bcc01dcbb8ec23dc8a28e332258d25251f"
  version = "v1.4.1"

[[projects]]
  name = "github.com/stretchr/testify"
  packages = ["assert"]
  revision = "ffdc059bfe9ce6a4e144ba849dbedead332c6053"
  version = "v1.3.0"

[[projects]]
  name = "go.mongodb.org/mongo-driver"
  packages = ["bson/primitive"]
  revision = "1c3b9b9a41eecdf056560e07b68e6407b8d598c3"
  version = "v1.0.0"

[[projects]]
  branch = "master"
  name = "golang.org/x/crypto"
  packages = ["ed25519","ed25519/internal/edwards25519"]
  revision = "f416ebab96af27ca70b6e5c23d6a0747530da626"

[[projects]]
  branch = "master"
  name = "golang.org/x/sys"
  packages = ["unix"]
  revision = "12500544f89f9420afe9529ba8940bf72d294972"

[solve-meta]
  analyzer-name = "dep"
  analyzer-version = 1
  inputs-digest = "bdc18e79c33b2e507bddb74e3fff5b36d0991ae6f0b78542a0619f3c5bc8702f"
  solver-name = "gps-cdcl"
  solver-version = 1
